
Microsoft Visual Studio Solution File, Format Version 12.00
# Visual Studio Version 17
VisualStudioVersion = 17.6.33723.286
MinimumVisualStudioVersion = 10.0.40219.1
Project("{9A19103F-16F7-4668-BE54-9A1E7A4F7556}") = "WilliamsBrosDev", "WilliamsBrosDev.csproj", "{875C7C19-6108-4D16-950B-81934214FFA6}"
EndProject
Global
	GlobalSection(SolutionConfigurationPlatforms) = preSolution
		Debug|Any CPU = Debug|Any CPU
		Release|Any CPU = Release|Any CPU
	EndGlobalSection
	GlobalSection(ProjectConfigurationPlatforms) = postSolution
		{875C7C19-6108-4D16-950B-81934214FFA6}.Debug|Any CPU.ActiveCfg = Debug|Any CPU
		{875C7C19-6108-4D16-950B-81934214FFA6}.Debug|Any CPU.Build.0 = Debug|Any CPU
		{875C7C19-6108-4D16-950B-81934214FFA6}.Release|Any CPU.ActiveCfg = Release|Any CPU
		{875C7C19-6108-4D16-950B-81934214FFA6}.Release|Any CPU.Build.0 = Release|Any CPU
	EndGlobalSection
	GlobalSection(SolutionProperties) = preSolution
		HideSolutionNode = FALSE
	EndGlobalSection
	GlobalSection(ExtensibilityGlobals) = postSolution
		SolutionGuid = {7BDD483A-2694-468C-A782-D3A361F1F396}
	EndGlobalSection
EndGlobal
